// !$*UTF8*$!
{
	archiveVersion = 1;
	classes = {
	};
	objectVersion = 46;
	objects = {

/* Begin PBXBuildFile section */
		60EE18111CCE288900429004 /* main.m in Sources */ = {isa = PBXBuildFile; fileRef = 60EE18101CCE288900429004 /* main.m */; };
		60EE18141CCE288900429004 /* AppDelegate.m in Sources */ = {isa = PBXBuildFile; fileRef = 60EE18131CCE288900429004 /* AppDelegate.m */; };
		60EE18171CCE288900429004 /* ViewController.m in Sources */ = {isa = PBXBuildFile; fileRef = 60EE18161CCE288900429004 /* ViewController.m */; };
		60EE181A1CCE288900429004 /* Main.storyboard in Resources */ = {isa = PBXBuildFile; fileRef = 60EE18181CCE288900429004 /* Main.storyboard */; };
		60EE181C1CCE288900429004 /* Assets.xcassets in Resources */ = {isa = PBXBuildFile; fileRef = 60EE181B1CCE288900429004 /* Assets.xcassets */; };
		60EE181F1CCE288900429004 /* LaunchScreen.storyboard in Resources */ = {isa = PBXBuildFile; fileRef = 60EE181D1CCE288900429004 /* LaunchScreen.storyboard */; };
		60EE182A1CCE288900429004 /* EvernoteEffectTests.m in Sources */ = {isa = PBXBuildFile; fileRef = 60EE18291CCE288900429004 /* EvernoteEffectTests.m */; };
		60EE18351CCE288900429004 /* EvernoteEffectUITests.m in Sources */ = {isa = PBXBuildFile; fileRef = 60EE18341CCE288900429004 /* EvernoteEffectUITests.m */; };
		60EE18441CCE28E100429004 /* EvernoteLayout.m in Sources */ = {isa = PBXBuildFile; fileRef = 60EE18431CCE28E100429004 /* EvernoteLayout.m */; };
		60EE18481CCE303100429004 /* CollectionViewCell.m in Sources */ = {isa = PBXBuildFile; fileRef = 60EE18461CCE303100429004 /* CollectionViewCell.m */; };
		60EE18491CCE303100429004 /* CollectionViewCell.xib in Resources */ = {isa = PBXBuildFile; fileRef = 60EE18471CCE303100429004 /* CollectionViewCell.xib */; };
/* End PBXBuildFile section */

/* Begin PBXContainerItemProxy section */
		60EE18261CCE288900429004 /* PBXContainerItemProxy */ = {
			isa = PBXContainerItemProxy;
			containerPortal = 60EE18041CCE288900429004 /* Project object */;
			proxyType = 1;
			remoteGlobalIDString = 60EE180B1CCE288900429004;
			remoteInfo = EvernoteEffect;
		};
		60EE18311CCE288900429004 /* PBXContainerItemProxy */ = {
			isa = PBXContainerItemProxy;
			containerPortal = 60EE18041CCE288900429004 /* Project object */;
			proxyType = 1;
			remoteGlobalIDString = 60EE180B1CCE288900429004;
			remoteInfo = EvernoteEffect;
		};
/* End PBXContainerItemProxy section */

/* Begin PBXFileReference section */
		60EE180C1CCE288900429004 /* EvernoteEffect.app */ = {isa = PBXFileReference; explicitFileType = wrapper.application; includeInIndex = 0; path = EvernoteEffect.app; sourceTree = BUILT_PRODUCTS_DIR; };
		60EE18101CCE288900429004 /* main.m */ = {isa = PBXFileReference; lastKnownFileType = sourcecode.c.objc; path = main.m; sourceTree = "<group>"; };
		60EE18121CCE288900429004 /* AppDelegate.h */ = {isa = PBXFileReference; lastKnownFileType = sourcecode.c.h; path = AppDelegate.h; sourceTree = "<group>"; };
		60EE18131CCE288900429004 /* AppDelegate.m */ = {isa = PBXFileReference; lastKnownFileType = sourcecode.c.objc; path = AppDelegate.m; sourceTree = "<group>"; };
		60EE18151CCE288900429004 /* ViewController.h */ = {isa = PBXFileReference; lastKnownFileType = sourcecode.c.h; path = ViewController.h; sourceTree = "<group>"; };
		60EE18161CCE288900429004 /* ViewController.m */ = {isa = PBXFileReference; lastKnownFileType = sourcecode.c.objc; path = ViewController.m; sourceTree = "<group>"; };
		60EE18191CCE288900429004 /* Base */ = {isa = PBXFileReference; lastKnownFileType = file.storyboard; name = Base; path = Base.lproj/Main.storyboard; sourceTree = "<group>"; };
		60EE181B1CCE288900429004 /* Assets.xcassets */ = {isa = PBXFileReference; lastKnownFileType = folder.assetcatalog; path = Assets.xcassets; sourceTree = "<group>"; };
		60EE181E1CCE288900429004 /* Base */ = {isa = PBXFileReference; lastKnownFileType = file.storyboard; name = Base; path = Base.lproj/LaunchScreen.storyboard; sourceTree = "<group>"; };
		60EE18201CCE288900429004 /* Info.plist */ = {isa = PBXFileReference; lastKnownFileType = text.plist.xml; path = Info.plist; sourceTree = "<group>"; };
		60EE18251CCE288900429004 /* EvernoteEffectTests.xctest */ = {isa = PBXFileReference; explicitFileType = wrapper.cfbundle; includeInIndex = 0; path = EvernoteEffectTests.xctest; sourceTree = BUILT_PRODUCTS_DIR; };
		60EE18291CCE288900429004 /* EvernoteEffectTests.m */ = {isa = PBXFileReference; lastKnownFileType = sourcecode.c.objc; path = EvernoteEffectTests.m; sourceTree = "<group>"; };
		60EE182B1CCE288900429004 /* Info.plist */ = {isa = PBXFileReference; lastKnownFileType = text.plist.xml; path = Info.plist; sourceTree = "<group>"; };
		60EE18301CCE288900429004 /* EvernoteEffectUITests.xctest */ = {isa = PBXFileReference; explicitFileType = wrapper.cfbundle; includeInIndex = 0; path = EvernoteEffectUITests.xctest; sourceTree = BUILT_PRODUCTS_DIR; };
		60EE18341CCE288900429004 /* EvernoteEffectUITests.m */ = {isa = PBXFileReference; lastKnownFileType = sourcecode.c.objc; path = EvernoteEffectUITests.m; sourceTree = "<group>"; };
		60EE18361CCE288900429004 /* Info.plist */ = {isa = PBXFileReference; lastKnownFileType = text.plist.xml; path = Info.plist; sourceTree = "<group>"; };
		60EE18421CCE28E100429004 /* EvernoteLayout.h */ = {isa = PBXFileReference; fileEncoding = 4; lastKnownFileType = sourcecode.c.h; path = EvernoteLayout.h; sourceTree = "<group>"; };
		60EE18431CCE28E100429004 /* EvernoteLayout.m */ = {isa = PBXFileReference; fileEncoding = 4; lastKnownFileType = sourcecode.c.objc; path = EvernoteLayout.m; sourceTree = "<group>"; };
		60EE18451CCE303100429004 /* CollectionViewCell.h */ = {isa = PBXFileReference; fileEncoding = 4; lastKnownFileType = sourcecode.c.h; path = CollectionViewCell.h; sourceTree = "<group>"; };
		60EE18461CCE303100429004 /* CollectionViewCell.m */ = {isa = PBXFileReference; fileEncoding = 4; lastKnownFileType = sourcecode.c.objc; path = CollectionViewCell.m; sourceTree = "<group>"; };
		60EE18471CCE303100429004 /* CollectionViewCell.xib */ = {isa = PBXFileReference; fileEncoding = 4; lastKnownFileType = file.xib; path = CollectionViewCell.xib; sourceTree = "<group>"; };
/* End PBXFileReference section */

/* Begin PBXFrameworksBuildPhase section */
		60EE18091CCE288900429004 /* Frameworks */ = {
			isa = PBXFrameworksBuildPhase;
			buildActionMask = 2147483647;
			files = (
			);
			runOnlyForDeploymentPostprocessing = 0;
		};
		60EE18221CCE288900429004 /* Frameworks */ = {
			isa = PBXFrameworksBuildPhase;
			buildActionMask = 2147483647;
			files = (
			);
			runOnlyForDeploymentPostprocessing = 0;
		};
		60EE182D1CCE288900429004 /* Frameworks */ = {
			isa = PBXFrameworksBuildPhase;
			buildActionMask = 2147483647;
			files = (
			);
			runOnlyForDeploymentPostprocessing = 0;
		};
/* End PBXFrameworksBuildPhase section */

/* Begin PBXGroup section */
		60EE18031CCE288900429004 = {
			isa = PBXGroup;
			children = (
				60EE180E1CCE288900429004 /* EvernoteEffect */,
				60EE18281CCE288900429004 /* EvernoteEffectTests */,
				60EE18331CCE288900429004 /* EvernoteEffectUITests */,
				60EE180D1CCE288900429004 /* Products */,
			);
			sourceTree = "<group>";
		};
		60EE180D1CCE288900429004 /* Products */ = {
			isa = PBXGroup;
			children = (
				60EE180C1CCE288900429004 /* EvernoteEffect.app */,
				60EE18251CCE288900429004 /* EvernoteEffectTests.xctest */,
				60EE18301CCE288900429004 /* EvernoteEffectUITests.xctest */,
			);
			name = Products;
			sourceTree = "<group>";
		};
		60EE180E1CCE288900429004 /* EvernoteEffect */ = {
			isa = PBXGroup;
			children = (
				60EE18121CCE288900429004 /* AppDelegate.h */,
				60EE18131CCE288900429004 /* AppDelegate.m */,
				60EE18151CCE288900429004 /* ViewController.h */,
				60EE18161CCE288900429004 /* ViewController.m */,
				60EE18421CCE28E100429004 /* EvernoteLayout.h */,
				60EE18431CCE28E100429004 /* EvernoteLayout.m */,
				60EE18451CCE303100429004 /* CollectionViewCell.h */,
				60EE18461CCE303100429004 /* CollectionViewCell.m */,
				60EE18471CCE303100429004 /* CollectionViewCell.xib */,
				60EE18181CCE288900429004 /* Main.storyboard */,
				60EE181B1CCE288900429004 /* Assets.xcassets */,
				60EE181D1CCE288900429004 /* LaunchScreen.storyboard */,
				60EE18201CCE288900429004 /* Info.plist */,
				60EE180F1CCE288900429004 /* Supporting Files */,
			);
			path = EvernoteEffect;
			sourceTree = "<group>";
		};
		60EE180F1CCE288900429004 /* Supporting Files */ = {
			isa = PBXGroup;
			children = (
				60EE18101CCE288900429004 /* main.m */,
			);
			name = "Supporting Files";
			sourceTree = "<group>";
		};
		60EE18281CCE288900429004 /* EvernoteEffectTests */ = {
			isa = PBXGroup;
			children = (
				60EE18291CCE288900429004 /* EvernoteEffectTests.m */,
				60EE182B1CCE288900429004 /* Info.plist */,
			);
			path = EvernoteEffectTests;
			sourceTree = "<group>";
		};
		60EE18331CCE288900429004 /* EvernoteEffectUITests */ = {
			isa = PBXGroup;
			children = (
				60EE18341CCE288900429004 /* EvernoteEffectUITests.m */,
				60EE18361CCE288900429004 /* Info.plist */,
			);
			path = EvernoteEffectUITests;
			sourceTree = "<group>";
		};
/* End PBXGroup section */

/* Begin PBXNativeTarget section */
		60EE180B1CCE288900429004 /* EvernoteEffect */ = {
			isa = PBXNativeTarget;
			buildConfigurationList = 60EE18391CCE288900429004 /* Build configuration list for PBXNativeTarget "EvernoteEffect" */;
			buildPhases = (
				60EE18081CCE288900429004 /* Sources */,
				60EE18091CCE288900429004 /* Frameworks */,
				60EE180A1CCE288900429004 /* Resources */,
			);
			buildRules = (
			);
			dependencies = (
			);
			name = EvernoteEffect;
			productName = EvernoteEffect;
			productReference = 60EE180C1CCE288900429004 /* EvernoteEffect.app */;
			productType = "com.apple.product-type.application";
		};
		60EE18241CCE288900429004 /* EvernoteEffectTests */ = {
			isa = PBXNativeTarget;
			buildConfigurationList = 60EE183C1CCE288900429004 /* Build configuration list for PBXNativeTarget "EvernoteEffectTests" */;
			buildPhases = (
				60EE18211CCE288900429004 /* Sources */,
				60EE18221CCE288900429004 /* Frameworks */,
				60EE18231CCE288900429004 /* Resources */,
			);
			buildRules = (
			);
			dependencies = (
				60EE18271CCE288900429004 /* PBXTargetDependency */,
			);
			name = EvernoteEffectTests;
			productName = EvernoteEffectTests;
			productReference = 60EE18251CCE288900429004 /* EvernoteEffectTests.xctest */;
			productType = "com.apple.product-type.bundle.unit-test";
		};
		60EE182F1CCE288900429004 /* EvernoteEffectUITests */ = {
			isa = PBXNativeTarget;
			buildConfigurationList = 60EE183F1CCE288900429004 /* Build configuration list for PBXNativeTarget "EvernoteEffectUITests" */;
			buildPhases = (
				60EE182C1CCE288900429004 /* Sources */,
				60EE182D1CCE288900429004 /* Frameworks */,
				60EE182E1CCE288900429004 /* Resources */,
			);
			buildRules = (
			);
			dependencies = (
				60EE18321CCE288900429004 /* PBXTargetDependency */,
			);
			name = EvernoteEffectUITests;
			productName = EvernoteEffectUITests;
			productReference = 60EE18301CCE288900429004 /* EvernoteEffectUITests.xctest */;
			productType = "com.apple.product-type.bundle.ui-testing";
		};
/* End PBXNativeTarget section */

/* Begin PBXProject section */
		60EE18041CCE288900429004 /* Project object */ = {
			isa = PBXProject;
			attributes = {
				LastUpgradeCheck = 0730;
				ORGANIZATIONNAME = teason;
				TargetAttributes = {
					60EE180B1CCE288900429004 = {
						CreatedOnToolsVersion = 7.3;
						DevelopmentTeam = 5D74XHX7AD;
					};
					60EE18241CCE288900429004 = {
						CreatedOnToolsVersion = 7.3;
						TestTargetID = 60EE180B1CCE288900429004;
					};
					60EE182F1CCE288900429004 = {
						CreatedOnToolsVersion = 7.3;
						TestTargetID = 60EE180B1CCE288900429004;
					};
				};
			};
			buildConfigurationList = 60EE18071CCE288900429004 /* Build configuration list for PBXProject "EvernoteEffect" */;
			compatibilityVersion = "Xcode 3.2";
			developmentRegion = English;
			hasScannedForEncodings = 0;
			knownRegions = (
				en,
				Base,
			);
			mainGroup = 60EE18031CCE288900429004;
			productRefGroup = 60EE180D1CCE288900429004 /* Products */;
			projectDirPath = "";
			projectRoot = "";
			targets = (
				60EE180B1CCE288900429004 /* EvernoteEffect */,
				60EE18241CCE288900429004 /* EvernoteEffectTests */,
				60EE182F1CCE288900429004 /* EvernoteEffectUITests */,
			);
		};
/* End PBXProject section */

/* Begin PBXResourcesBuildPhase section */
		60EE180A1CCE288900429004 /* Resources */ = {
			isa = PBXResourcesBuildPhase;
			buildActionMask = 2147483647;
			files = (
				60EE181F1CCE288900429004 /* LaunchScreen.storyboard in Resources */,
				60EE181C1CCE288900429004 /* Assets.xcassets in Resources */,
				60EE18491CCE303100429004 /* CollectionViewCell.xib in Resources */,
				60EE181A1CCE288900429004 /* Main.storyboard in Resources */,
			);
			runOnlyForDeploymentPostprocessing = 0;
		};
		60EE18231CCE288900429004 /* Resources */ = {
			isa = PBXResourcesBuildPhase;
			buildActionMask = 2147483647;
			files = (
			);
			runOnlyForDeploymentPostprocessing = 0;
		};
		60EE182E1CCE288900429004 /* Resources */ = {
			isa = PBXResourcesBuildPhase;
			buildActionMask = 2147483647;
			files = (
			);
			runOnlyForDeploymentPostprocessing = 0;
		};
/* End PBXResourcesBuildPhase section */

/* Begin PBXSourcesBuildPhase section */
		60EE18081CCE288900429004 /* Sources */ = {
			isa = PBXSourcesBuildPhase;
			buildActionMask = 2147483647;
			files = (
				60EE18171CCE288900429004 /* ViewController.m in Sources */,
				60EE18481CCE303100429004 /* CollectionViewCell.m in Sources */,
				60EE18441CCE28E100429004 /* EvernoteLayout.m in Sources */,
				60EE18141CCE288900429004 /* AppDelegate.m in Sources */,
				60EE18111CCE288900429004 /* main.m in Sources */,
			);
			runOnlyForDeploymentPostprocessing = 0;
		};
		60EE18211CCE288900429004 /* Sources */ = {
			isa = PBXSourcesBuildPhase;
			buildActionMask = 2147483647;
			files = (
				60EE182A1CCE288900429004 /* EvernoteEffectTests.m in Sources */,
			);
			runOnlyForDeploymentPostprocessing = 0;
		};
		60EE182C1CCE288900429004 /* Sources */ = {
			isa = PBXSourcesBuildPhase;
			buildActionMask = 2147483647;
			files = (
				60EE18351CCE288900429004 /* EvernoteEffectUITests.m in Sources */,
			);
			runOnlyForDeploymentPostprocessing = 0;
		};
/* End PBXSourcesBuildPhase section */

/* Begin PBXTargetDependency section */
		60EE18271CCE288900429004 /* PBXTargetDependency */ = {
			isa = PBXTargetDependency;
			target = 60EE180B1CCE288900429004 /* EvernoteEffect */;
			targetProxy = 60EE18261CCE288900429004 /* PBXContainerItemProxy */;
		};
		60EE18321CCE288900429004 /* PBXTargetDependency */ = {
			isa = PBXTargetDependency;
			target = 60EE180B1CCE288900429004 /* EvernoteEffect */;
			targetProxy = 60EE18311CCE288900429004 /* PBXContainerItemProxy */;
		};
/* End PBXTargetDependency section */

/* Begin PBXVariantGroup section */
		60EE18181CCE288900429004 /* Main.storyboard */ = {
			isa = PBXVariantGroup;
			children = (
				60EE18191CCE288900429004 /* Base */,
			);
			name = Main.storyboard;
			sourceTree = "<group>";
		};
		60EE181D1CCE288900429004 /* LaunchScreen.storyboard */ = {
			isa = PBXVariantGroup;
			children = (
				60EE181E1CCE288900429004 /* Base */,
			);
			name = LaunchScreen.storyboard;
			sourceTree = "<group>";
		};
/* End PBXVariantGroup section */

/* Begin XCBuildConfiguration section */
		60EE18371CCE288900429004 /* Debug */ = {
			isa = XCBuildConfiguration;
			buildSettings = {
				ALWAYS_SEARCH_USER_PATHS = NO;
				CLANG_ANALYZER_NONNULL = YES;
				CLANG_CXX_LANGUAGE_STANDARD = "gnu++0x";
				CLANG_CXX_LIBRARY = "libc++";
				CLANG_ENABLE_MODULES = YES;
				CLANG_ENABLE_OBJC_ARC = YES;
				CLANG_WARN_BOOL_CONVERSION = YES;
				CLANG_WARN_CONSTANT_CONVERSION = YES;
				CLANG_WARN_DIRECT_OBJC_ISA_USAGE = YES_ERROR;
				CLANG_WARN_EMPTY_BODY = YES;
				CLANG_WARN_ENUM_CONVERSION = YES;
				CLANG_WARN_INT_CONVERSION = YES;
				CLANG_WARN_OBJC_ROOT_CLASS = YES_ERROR;
				CLANG_WARN_UNREACHABLE_CODE = YES;
				CLANG_WARN__DUPLICATE_METHOD_MATCH = YES;
				"CODE_SIGN_IDENTITY[sdk=iphoneos*]" = "iPhone Developer";
				COPY_PHASE_STRIP = NO;
				DEBUG_INFORMATION_FORMAT = dwarf;
				ENABLE_STRICT_OBJC_MSGSEND = YES;
				ENABLE_TESTABILITY = YES;
				GCC_C_LANGUAGE_STANDARD = gnu99;
				GCC_DYNAMIC_NO_PIC = NO;
				GCC_NO_COMMON_BLOCKS = YES;
				GCC_OPTIMIZATION_LEVEL = 0;
				GCC_PREPROCESSOR_DEFINITIONS = (
					"DEBUG=1",
					"$(inherited)",
				);
				GCC_WARN_64_TO_32_BIT_CONVERSION = YES;
				GCC_WARN_ABOUT_RETURN_TYPE = YES_ERROR;
				GCC_WARN_UNDECLARED_SELECTOR = YES;
				GCC_WARN_UNINITIALIZED_AUTOS = YES_AGGRESSIVE;
				GCC_WARN_UNUSED_FUNCTION = YES;
				GCC_WARN_UNUSED_VARIABLE = YES;
				IPHONEOS_DEPLOYMENT_TARGET = 9.3;
				MTL_ENABLE_DEBUG_INFO = YES;
				ONLY_ACTIVE_ARCH = YES;
				SDKROOT = iphoneos;
				TARGETED_DEVICE_FAMILY = "1,2";
			};
			name = Debug;
		};
		60EE18381CCE288900429004 /* Release */ = {
			isa = XCBuildConfiguration;
			buildSettings = {
				ALWAYS_SEARCH_USER_PATHS = NO;
				CLANG_ANALYZER_NONNULL = YES;
				CLANG_CXX_LANGUAGE_STANDARD = "gnu++0x";
				CLANG_CXX_LIBRARY = "libc++";
				CLANG_ENABLE_MODULES = YES;
				CLANG_ENABLE_OBJC_ARC = YES;
				CLANG_WARN_BOOL_CONVERSION = YES;
				CLANG_WARN_CONSTANT_CONVERSION = YES;
				CLANG_WARN_DIRECT_OBJC_ISA_USAGE = YES_ERROR;
				CLANG_WARN_EMPTY_BODY = YES;
				CLANG_WARN_ENUM_CONVERSION = YES;
				CLANG_WARN_INT_CONVERSION = YES;
				CLANG_WARN_OBJC_ROOT_CLASS = YES_ERROR;
				CLANG_WARN_UNREACHABLE_CODE = YES;
				CLANG_WARN__DUPLICATE_METHOD_MATCH = YES;
				"CODE_SIGN_IDENTITY[sdk=iphoneos*]" = "iPhone Developer";
				COPY_PHASE_STRIP = NO;
				DEBUG_INFORMATION_FORMAT = "dwarf-with-dsym";
				ENABLE_NS_ASSERTIONS = NO;
				ENABLE_STRICT_OBJC_MSGSEND = YES;
				GCC_C_LANGUAGE_STANDARD = gnu99;
				GCC_NO_COMMON_BLOCKS = YES;
				GCC_WARN_64_TO_32_BIT_CONVERSION = YES;
				GCC_WARN_ABOUT_RETURN_TYPE = YES_ERROR;
				GCC_WARN_UNDECLARED_SELECTOR = YES;
				GCC_WARN_UNINITIALIZED_AUTOS = YES_AGGRESSIVE;
				GCC_WARN_UNUSED_FUNCTION = YES;
				GCC_WARN_UNUSED_VARIABLE = YES;
				IPHONEOS_DEPLOYMENT_TARGET = 9.3;
				MTL_ENABLE_DEBUG_INFO = NO;
				SDKROOT = iphoneos;
				TARGETED_DEVICE_FAMILY = "1,2";
				VALIDATE_PRODUCT = YES;
			};
			name = Release;
		};
		60EE183A1CCE288900429004 /* Debug */ = {
			isa = XCBuildConfiguration;
			buildSettings = {
				ASSETCATALOG_COMPILER_APPICON_NAME = AppIcon;
				CODE_SIGN_IDENTITY = "iPhone Developer";
				"CODE_SIGN_IDENTITY[sdk=iphoneos*]" = "iPhone Developer";
				INFOPLIST_FILE = EvernoteEffect/Info.plist;
				LD_RUNPATH_SEARCH_PATHS = "$(inherited) @executable_path/Frameworks";
				PRODUCT_BUNDLE_IDENTIFIER = com.teason.EvernoteEffect;
				PRODUCT_NAME = "$(TARGET_NAME)";
				PROVISIONING_PROFILE = "";
			};
			name = Debug;
		};
		60EE183B1CCE288900429004 /* Release */ = {
			isa = XCBuildConfiguration;
			buildSettings = {
				ASSETCATALOG_COMPILER_APPICON_NAME = AppIcon;
				CODE_SIGN_IDENTITY = "iPhone Developer";
				"CODE_SIGN_IDENTITY[sdk=iphoneos*]" = "iPhone Developer";
				INFOPLIST_FILE = EvernoteEffect/Info.plist;
				LD_RUNPATH_SEARCH_PATHS = "$(inherited) @executable_path/Frameworks";
				PRODUCT_BUNDLE_IDENTIFIER = com.teason.EvernoteEffect;
				PRODUCT_NAME = "$(TARGET_NAME)";
				PROVISIONING_PROFILE = "";
			};
			name = Release;
		};
		60EE183D1CCE288900429004 /* Debug */ = {
			isa = XCBuildConfiguration;
			buildSettings = {
				BUNDLE_LOADER = "$(TEST_HOST)";
				INFOPLIST_FILE = EvernoteEffectTests/Info.plist;
				LD_RUNPATH_SEARCH_PATHS = "$(inherited) @executable_path/Frameworks @loader_path/Frameworks";
				PRODUCT_BUNDLE_IDENTIFIER = com.teason.EvernoteEffectTests;
				PRODUCT_NAME = "$(TARGET_NAME)";
				TEST_HOST = "$(BUILT_PRODUCTS_DIR)/EvernoteEffect.app/EvernoteEffect";
			};
			name = Debug;
		};
		60EE183E1CCE288900429004 /* Release */ = {
			isa = XCBuildConfiguration;
			buildSettings = {
				BUNDLE_LOADER = "$(TEST_HOST)";
				INFOPLIST_FILE = EvernoteEffectTests/Info.plist;
				LD_RUNPATH_SEARCH_PATHS = "$(inherited) @executable_path/Frameworks @loader_path/Frameworks";
				PRODUCT_BUNDLE_IDENTIFIER = com.teason.EvernoteEffectTests;
				PRODUCT_NAME = "$(TARGET_NAME)";
				TEST_HOST = "$(BUILT_PRODUCTS_DIR)/EvernoteEffect.app/EvernoteEffect";
			};
			name = Release;
		};
		60EE18401CCE288900429004 /* Debug */ = {
			isa = XCBuildConfiguration;
			buildSettings = {
				INFOPLIST_FILE = EvernoteEffectUITests/Info.plist;
				LD_RUNPATH_SEARCH_PATHS = "$(inherited) @executable_path/Frameworks @loader_path/Frameworks";
				PRODUCT_BUNDLE_IDENTIFIER = com.teason.EvernoteEffectUITests;
				PRODUCT_NAME = "$(TARGET_NAME)";
				TEST_TARGET_NAME = EvernoteEffect;
			};
			name = Debug;
		};
		60EE18411CCE288900429004 /* Release */ = {
			isa = XCBuildConfiguration;
			buildSettings = {
				INFOPLIST_FILE = EvernoteEffectUITests/Info.plist;
				LD_RUNPATH_SEARCH_PATHS = "$(inherited) @executable_path/Frameworks @loader_path/Frameworks";
				PRODUCT_BUNDLE_IDENTIFIER = com.teason.EvernoteEffectUITests;
				PRODUCT_NAME = "$(TARGET_NAME)";
				TEST_TARGET_NAME = EvernoteEffect;
			};
			name = Release;
		};
/* End XCBuildConfiguration section */

/* Begin XCConfigurationList section */
		60EE18071CCE288900429004 /* Build configuration list for PBXProject "EvernoteEffect" */ = {
			isa = XCConfigurationList;
			buildConfigurations = (
				60EE18371CCE288900429004 /* Debug */,
				60EE18381CCE288900429004 /* Release */,
			);
			defaultConfigurationIsVisible = 0;
			defaultConfigurationName = Release;
		};
		60EE18391CCE288900429004 /* Build configuration list for PBXNativeTarget "EvernoteEffect" */ = {
			isa = XCConfigurationList;
			buildConfigurations = (
				60EE183A1CCE288900429004 /* Debug */,
				60EE183B1CCE288900429004 /* Release */,
			);
			defaultConfigurationIsVisible = 0;
		};
		60EE183C1CCE288900429004 /* Build configuration list for PBXNativeTarget "EvernoteEffectTests" */ = {
			isa = XCConfigurationList;
			buildConfigurations = (
				60EE183D1CCE288900429004 /* Debug */,
				60EE183E1CCE288900429004 /* Release */,
			);
			defaultConfigurationIsVisible = 0;
		};
		60EE183F1CCE288900429004 /* Build configuration list for PBXNativeTarget "EvernoteEffectUITests" */ = {
			isa = XCConfigurationList;
			buildConfigurations = (
				60EE18401CCE288900429004 /* Debug */,
				60EE18411CCE288900429004 /* Release */,
			);
			defaultConfigurationIsVisible = 0;
		};
/* End XCConfigurationList section */
	};
	rootObject = 60EE18041CCE288900429004 /* Project object */;
}
